
Microsoft Visual Studio Solution File, Format Version 12.00
# Visual Studio Version 16
VisualStudioVersion = 16.0.29806.167
MinimumVisualStudioVersion = 10.0.40219.1
Project("{D954291E-2A0B-460D-934E-DC6B0785DB48}") = "Sample.Shared", "Sample\Sample.Shared\Sample.Shared.shproj", "{6279C845-92F8-4333-AB99-3D213163593C}"
EndProject
Project("{FAE04EC0-301F-11D3-BF4B-00C04F79EFBC}") = "Sample.Droid", "Sample\Sample.Droid\Sample.Droid.csproj", "{0C0738AD-2654-4B5B-B1B4-24D187518F73}"
EndProject
Project("{FAE04EC0-301F-11D3-BF4B-00C04F79EFBC}") = "Sample.iOS", "Sample\Sample.iOS\Sample.iOS.csproj", "{9A8CAEA2-33F7-4C44-8C23-40C74259E5B6}"
EndProject
Project("{FAE04EC0-301F-11D3-BF4B-00C04F79EFBC}") = "Sample.UWP", "Sample\Sample.UWP\Sample.UWP.csproj", "{51205672-800A-4BCB-834A-8BEF7E9B2C37}"
EndProject
Project("{9A19103F-16F7-4668-BE54-9A1E7A4F7556}") = "Sample.Wasm", "Sample\Sample.Wasm\Sample.Wasm.csproj", "{DCC68472-61C0-4B89-A4C8-28BBE649B1EB}"
EndProject
Global
	GlobalSection(SharedMSBuildProjectFiles) = preSolution
		Sample\Sample.Shared\Sample.Shared.projitems*{0c0738ad-2654-4b5b-b1b4-24d187518f73}*SharedItemsImports = 4
		Sample\Sample.Shared\Sample.Shared.projitems*{51205672-800a-4bcb-834a-8bef7e9b2c37}*SharedItemsImports = 4
		Sample\Sample.Shared\Sample.Shared.projitems*{6279c845-92f8-4333-ab99-3d213163593c}*SharedItemsImports = 13
		Sample\Sample.Shared\Sample.Shared.projitems*{9a8caea2-33f7-4c44-8c23-40c74259e5b6}*SharedItemsImports = 4
		Sample\Sample.Shared\Sample.Shared.projitems*{dcc68472-61c0-4b89-a4c8-28bbe649b1eb}*SharedItemsImports = 5
	EndGlobalSection
	GlobalSection(SolutionConfigurationPlatforms) = preSolution
		Ad-Hoc|Any CPU = Ad-Hoc|Any CPU
		Ad-Hoc|ARM = Ad-Hoc|ARM
		Ad-Hoc|iPhone = Ad-Hoc|iPhone
		Ad-Hoc|iPhoneSimulator = Ad-Hoc|iPhoneSimulator
		Ad-Hoc|x64 = Ad-Hoc|x64
		Ad-Hoc|x86 = Ad-Hoc|x86
		AppStore|Any CPU = AppStore|Any CPU
		AppStore|ARM = AppStore|ARM
		AppStore|iPhone = AppStore|iPhone
		AppStore|iPhoneSimulator = AppStore|iPhoneSimulator
		AppStore|x64 = AppStore|x64
		AppStore|x86 = AppStore|x86
		Debug|Any CPU = Debug|Any CPU
		Debug|ARM = Debug|ARM
		Debug|iPhone = Debug|iPhone
		Debug|iPhoneSimulator = Debug|iPhoneSimulator
		Debug|x64 = Debug|x64
		Debug|x86 = Debug|x86
		Release|Any CPU = Release|Any CPU
		Release|ARM = Release|ARM
		Release|iPhone = Release|iPhone
		Release|iPhoneSimulator = Release|iPhoneSimulator
		Release|x64 = Release|x64
		Release|x86 = Release|x86
	EndGlobalSection
	GlobalSection(ProjectConfigurationPlatforms) = postSolution
		{0C0738AD-2654-4B5B-B1B4-24D187518F73}.Ad-Hoc|Any CPU.ActiveCfg = Release|Any CPU
		{0C0738AD-2654-4B5B-B1B4-24D187518F73}.Ad-Hoc|Any CPU.Build.0 = Release|Any CPU
		{0C0738AD-2654-4B5B-B1B4-24D187518F73}.Ad-Hoc|Any CPU.Deploy.0 = Release|Any CPU
		{0C0738AD-2654-4B5B-B1B4-24D187518F73}.Ad-Hoc|ARM.ActiveCfg = Release|Any CPU
		{0C0738AD-2654-4B5B-B1B4-24D187518F73}.Ad-Hoc|ARM.Build.0 = Release|Any CPU
		{0C0738AD-2654-4B5B-B1B4-24D187518F73}.Ad-Hoc|ARM.Deploy.0 = Release|Any CPU
		{0C0738AD-2654-4B5B-B1B4-24D187518F73}.Ad-Hoc|iPhone.ActiveCfg = Release|Any CPU
		{0C0738AD-2654-4B5B-B1B4-24D187518F73}.Ad-Hoc|iPhone.Build.0 = Release|Any CPU
		{0C0738AD-2654-4B5B-B1B4-24D187518F73}.Ad-Hoc|iPhone.Deploy.0 = Release|Any CPU
		{0C0738AD-2654-4B5B-B1B4-24D187518F73}.Ad-Hoc|iPhoneSimulator.ActiveCfg = Release|Any CPU
		{0C0738AD-2654-4B5B-B1B4-24D187518F73}.Ad-Hoc|iPhoneSimulator.Build.0 = Release|Any CPU
		{0C0738AD-2654-4B5B-B1B4-24D187518F73}.Ad-Hoc|iPhoneSimulator.Deploy.0 = Release|Any CPU
		{0C0738AD-2654-4B5B-B1B4-24D187518F73}.Ad-Hoc|x64.ActiveCfg = Release|Any CPU
		{0C0738AD-2654-4B5B-B1B4-24D187518F73}.Ad-Hoc|x64.Build.0 = Release|Any CPU
		{0C0738AD-2654-4B5B-B1B4-24D187518F73}.Ad-Hoc|x64.Deploy.0 = Release|Any CPU
		{0C0738AD-2654-4B5B-B1B4-24D187518F73}.Ad-Hoc|x86.ActiveCfg = Release|Any CPU
		{0C0738AD-2654-4B5B-B1B4-24D187518F73}.Ad-Hoc|x86.Build.0 = Release|Any CPU
		{0C0738AD-2654-4B5B-B1B4-24D187518F73}.Ad-Hoc|x86.Deploy.0 = Release|Any CPU
		{0C0738AD-2654-4B5B-B1B4-24D187518F73}.AppStore|Any CPU.ActiveCfg = Release|Any CPU
		{0C0738AD-2654-4B5B-B1B4-24D187518F73}.AppStore|Any CPU.Build.0 = Release|Any CPU
		{0C0738AD-2654-4B5B-B1B4-24D187518F73}.AppStore|Any CPU.Deploy.0 = Release|Any CPU
		{0C0738AD-2654-4B5B-B1B4-24D187518F73}.AppStore|ARM.ActiveCfg = Release|Any CPU
		{0C0738AD-2654-4B5B-B1B4-24D187518F73}.AppStore|ARM.Build.0 = Release|Any CPU
		{0C0738AD-2654-4B5B-B1B4-24D187518F73}.AppStore|ARM.Deploy.0 = Release|Any CPU
		{0C0738AD-2654-4B5B-B1B4-24D187518F73}.AppStore|iPhone.ActiveCfg = Release|Any CPU
		{0C0738AD-2654-4B5B-B1B4-24D187518F73}.AppStore|iPhone.Build.0 = Release|Any CPU
		{0C0738AD-2654-4B5B-B1B4-24D187518F73}.AppStore|iPhone.Deploy.0 = Release|Any CPU
		{0C0738AD-2654-4B5B-B1B4-24D187518F73}.AppStore|iPhoneSimulator.ActiveCfg = Release|Any CPU
		{0C0738AD-2654-4B5B-B1B4-24D187518F73}.AppStore|iPhoneSimulator.Build.0 = Release|Any CPU
		{0C0738AD-2654-4B5B-B1B4-24D187518F73}.AppStore|iPhoneSimulator.Deploy.0 = Release|Any CPU
		{0C0738AD-2654-4B5B-B1B4-24D187518F73}.AppStore|x64.ActiveCfg = Release|Any CPU
		{0C0738AD-2654-4B5B-B1B4-24D187518F73}.AppStore|x64.Build.0 = Release|Any CPU
		{0C0738AD-2654-4B5B-B1B4-24D187518F73}.AppStore|x64.Deploy.0 = Release|Any CPU
		{0C0738AD-2654-4B5B-B1B4-24D187518F73}.AppStore|x86.ActiveCfg = Release|Any CPU
		{0C0738AD-2654-4B5B-B1B4-24D187518F73}.AppStore|x86.Build.0 = Release|Any CPU
		{0C0738AD-2654-4B5B-B1B4-24D187518F73}.AppStore|x86.Deploy.0 = Release|Any CPU
		{0C0738AD-2654-4B5B-B1B4-24D187518F73}.Debug|Any CPU.ActiveCfg = Debug|Any CPU
		{0C0738AD-2654-4B5B-B1B4-24D187518F73}.Debug|Any CPU.Build.0 = Debug|Any CPU
		{0C0738AD-2654-4B5B-B1B4-24D187518F73}.Debug|Any CPU.Deploy.0 = Debug|Any CPU
		{0C0738AD-2654-4B5B-B1B4-24D187518F73}.Debug|ARM.ActiveCfg = Debug|Any CPU
		{0C0738AD-2654-4B5B-B1B4-24D187518F73}.Debug|ARM.Build.0 = Debug|Any CPU
		{0C0738AD-2654-4B5B-B1B4-24D187518F73}.Debug|ARM.Deploy.0 = Debug|Any CPU
		{0C0738AD-2654-4B5B-B1B4-24D187518F73}.Debug|iPhone.ActiveCfg = Debug|Any CPU
		{0C0738AD-2654-4B5B-B1B4-24D187518F73}.Debug|iPhone.Build.0 = Debug|Any CPU
		{0C0738AD-2654-4B5B-B1B4-24D187518F73}.Debug|iPhone.Deploy.0 = Debug|Any CPU
		{0C0738AD-2654-4B5B-B1B4-24D187518F73}.Debug|iPhoneSimulator.ActiveCfg = Debug|Any CPU
		{0C0738AD-2654-4B5B-B1B4-24D187518F73}.Debug|iPhoneSimulator.Build.0 = Debug|Any CPU
		{0C0738AD-2654-4B5B-B1B4-24D187518F73}.Debug|iPhoneSimulator.Deploy.0 = Debug|Any CPU
		{0C0738AD-2654-4B5B-B1B4-24D187518F73}.Debug|x64.ActiveCfg = Debug|Any CPU
		{0C0738AD-2654-4B5B-B1B4-24D187518F73}.Debug|x64.Build.0 = Debug|Any CPU
		{0C0738AD-2654-4B5B-B1B4-24D187518F73}.Debug|x64.Deploy.0 = Debug|Any CPU
		{0C0738AD-2654-4B5B-B1B4-24D187518F73}.Debug|x86.ActiveCfg = Debug|Any CPU
		{0C0738AD-2654-4B5B-B1B4-24D187518F73}.Debug|x86.Build.0 = Debug|Any CPU
		{0C0738AD-2654-4B5B-B1B4-24D187518F73}.Debug|x86.Deploy.0 = Debug|Any CPU
		{0C0738AD-2654-4B5B-B1B4-24D187518F73}.Release|Any CPU.ActiveCfg = Release|Any CPU
		{0C0738AD-2654-4B5B-B1B4-24D187518F73}.Release|Any CPU.Build.0 = Release|Any CPU
		{0C0738AD-2654-4B5B-B1B4-24D187518F73}.Release|Any CPU.Deploy.0 = Release|Any CPU
		{0C0738AD-2654-4B5B-B1B4-24D187518F73}.Release|ARM.ActiveCfg = Release|Any CPU
		{0C0738AD-2654-4B5B-B1B4-24D187518F73}.Release|ARM.Build.0 = Release|Any CPU
		{0C0738AD-2654-4B5B-B1B4-24D187518F73}.Release|ARM.Deploy.0 = Release|Any CPU
		{0C0738AD-2654-4B5B-B1B4-24D187518F73}.Release|iPhone.ActiveCfg = Release|Any CPU
		{0C0738AD-2654-4B5B-B1B4-24D187518F73}.Release|iPhone.Build.0 = Release|Any CPU
		{0C0738AD-2654-4B5B-B1B4-24D187518F73}.Release|iPhone.Deploy.0 = Release|Any CPU
		{0C0738AD-2654-4B5B-B1B4-24D187518F73}.Release|iPhoneSimulator.ActiveCfg = Release|Any CPU
		{0C0738AD-2654-4B5B-B1B4-24D187518F73}.Release|iPhoneSimulator.Build.0 = Release|Any CPU
		{0C0738AD-2654-4B5B-B1B4-24D187518F73}.Release|iPhoneSimulator.Deploy.0 = Release|Any CPU
		{0C0738AD-2654-4B5B-B1B4-24D187518F73}.Release|x64.ActiveCfg = Release|Any CPU
		{0C0738AD-2654-4B5B-B1B4-24D187518F73}.Release|x64.Build.0 = Release|Any CPU
		{0C0738AD-2654-4B5B-B1B4-24D187518F73}.Release|x64.Deploy.0 = Release|Any CPU
		{0C0738AD-2654-4B5B-B1B4-24D187518F73}.Release|x86.ActiveCfg = Release|Any CPU
		{0C0738AD-2654-4B5B-B1B4-24D187518F73}.Release|x86.Build.0 = Release|Any CPU
		{0C0738AD-2654-4B5B-B1B4-24D187518F73}.Release|x86.Deploy.0 = Release|Any CPU
		{9A8CAEA2-33F7-4C44-8C23-40C74259E5B6}.Ad-Hoc|Any CPU.ActiveCfg = Ad-Hoc|iPhone
		{9A8CAEA2-33F7-4C44-8C23-40C74259E5B6}.Ad-Hoc|ARM.ActiveCfg = Ad-Hoc|iPhone
		{9A8CAEA2-33F7-4C44-8C23-40C74259E5B6}.Ad-Hoc|iPhone.ActiveCfg = Ad-Hoc|iPhone
		{9A8CAEA2-33F7-4C44-8C23-40C74259E5B6}.Ad-Hoc|iPhone.Build.0 = Ad-Hoc|iPhone
		{9A8CAEA2-33F7-4C44-8C23-40C74259E5B6}.Ad-Hoc|iPhoneSimulator.ActiveCfg = Ad-Hoc|iPhoneSimulator
		{9A8CAEA2-33F7-4C44-8C23-40C74259E5B6}.Ad-Hoc|iPhoneSimulator.Build.0 = Ad-Hoc|iPhoneSimulator
		{9A8CAEA2-33F7-4C44-8C23-40C74259E5B6}.Ad-Hoc|x64.ActiveCfg = Ad-Hoc|iPhone
		{9A8CAEA2-33F7-4C44-8C23-40C74259E5B6}.Ad-Hoc|x86.ActiveCfg = Ad-Hoc|iPhone
		{9A8CAEA2-33F7-4C44-8C23-40C74259E5B6}.AppStore|Any CPU.ActiveCfg = AppStore|iPhone
		{9A8CAEA2-33F7-4C44-8C23-40C74259E5B6}.AppStore|ARM.ActiveCfg = AppStore|iPhone
		{9A8CAEA2-33F7-4C44-8C23-40C74259E5B6}.AppStore|iPhone.ActiveCfg = AppStore|iPhone
		{9A8CAEA2-33F7-4C44-8C23-40C74259E5B6}.AppStore|iPhone.Build.0 = AppStore|iPhone
		{9A8CAEA2-33F7-4C44-8C23-40C74259E5B6}.AppStore|iPhoneSimulator.ActiveCfg = AppStore|iPhoneSimulator
		{9A8CAEA2-33F7-4C44-8C23-40C74259E5B6}.AppStore|iPhoneSimulator.Build.0 = AppStore|iPhoneSimulator
		{9A8CAEA2-33F7-4C44-8C23-40C74259E5B6}.AppStore|x64.ActiveCfg = AppStore|iPhone
		{9A8CAEA2-33F7-4C44-8C23-40C74259E5B6}.AppStore|x86.ActiveCfg = AppStore|iPhone
		{9A8CAEA2-33F7-4C44-8C23-40C74259E5B6}.Debug|Any CPU.ActiveCfg = Debug|iPhone
		{9A8CAEA2-33F7-4C44-8C23-40C74259E5B6}.Debug|ARM.ActiveCfg = Debug|iPhone
		{9A8CAEA2-33F7-4C44-8C23-40C74259E5B6}.Debug|iPhone.ActiveCfg = Debug|iPhone
		{9A8CAEA2-33F7-4C44-8C23-40C74259E5B6}.Debug|iPhone.Build.0 = Debug|iPhone
		{9A8CAEA2-33F7-4C44-8C23-40C74259E5B6}.Debug|iPhoneSimulator.ActiveCfg = Debug|iPhoneSimulator
		{9A8CAEA2-33F7-4C44-8C23-40C74259E5B6}.Debug|iPhoneSimulator.Build.0 = Debug|iPhoneSimulator
		{9A8CAEA2-33F7-4C44-8C23-40C74259E5B6}.Debug|x64.ActiveCfg = Debug|iPhone
		{9A8CAEA2-33F7-4C44-8C23-40C74259E5B6}.Debug|x86.ActiveCfg = Debug|iPhone
		{9A8CAEA2-33F7-4C44-8C23-40C74259E5B6}.Release|Any CPU.ActiveCfg = Release|iPhone
		{9A8CAEA2-33F7-4C44-8C23-40C74259E5B6}.Release|ARM.ActiveCfg = Release|iPhone
		{9A8CAEA2-33F7-4C44-8C23-40C74259E5B6}.Release|iPhone.ActiveCfg = Release|iPhone
		{9A8CAEA2-33F7-4C44-8C23-40C74259E5B6}.Release|iPhone.Build.0 = Release|iPhone
		{9A8CAEA2-33F7-4C44-8C23-40C74259E5B6}.Release|iPhoneSimulator.ActiveCfg = Release|iPhoneSimulator
		{9A8CAEA2-33F7-4C44-8C23-40C74259E5B6}.Release|iPhoneSimulator.Build.0 = Release|iPhoneSimulator
		{9A8CAEA2-33F7-4C44-8C23-40C74259E5B6}.Release|x64.ActiveCfg = Release|iPhone
		{9A8CAEA2-33F7-4C44-8C23-40C74259E5B6}.Release|x86.ActiveCfg = Release|iPhone
		{51205672-800A-4BCB-834A-8BEF7E9B2C37}.Ad-Hoc|Any CPU.ActiveCfg = Release|x64
		{51205672-800A-4BCB-834A-8BEF7E9B2C37}.Ad-Hoc|Any CPU.Build.0 = Release|x64
		{51205672-800A-4BCB-834A-8BEF7E9B2C37}.Ad-Hoc|Any CPU.Deploy.0 = Release|x64
		{51205672-800A-4BCB-834A-8BEF7E9B2C37}.Ad-Hoc|ARM.ActiveCfg = Release|ARM
		{51205672-800A-4BCB-834A-8BEF7E9B2C37}.Ad-Hoc|ARM.Build.0 = Release|ARM
		{51205672-800A-4BCB-834A-8BEF7E9B2C37}.Ad-Hoc|ARM.Deploy.0 = Release|ARM
		{51205672-800A-4BCB-834A-8BEF7E9B2C37}.Ad-Hoc|iPhone.ActiveCfg = Release|x64
		{51205672-800A-4BCB-834A-8BEF7E9B2C37}.Ad-Hoc|iPhone.Build.0 = Release|x64
		{51205672-800A-4BCB-834A-8BEF7E9B2C37}.Ad-Hoc|iPhone.Deploy.0 = Release|x64
		{51205672-800A-4BCB-834A-8BEF7E9B2C37}.Ad-Hoc|iPhoneSimulator.ActiveCfg = Release|x64
		{51205672-800A-4BCB-834A-8BEF7E9B2C37}.Ad-Hoc|iPhoneSimulator.Build.0 = Release|x64
		{51205672-800A-4BCB-834A-8BEF7E9B2C37}.Ad-Hoc|iPhoneSimulator.Deploy.0 = Release|x64
		{51205672-800A-4BCB-834A-8BEF7E9B2C37}.Ad-Hoc|x64.ActiveCfg = Release|x64
		{51205672-800A-4BCB-834A-8BEF7E9B2C37}.Ad-Hoc|x64.Build.0 = Release|x64
		{51205672-800A-4BCB-834A-8BEF7E9B2C37}.Ad-Hoc|x64.Deploy.0 = Release|x64
		{51205672-800A-4BCB-834A-8BEF7E9B2C37}.Ad-Hoc|x86.ActiveCfg = Release|x86
		{51205672-800A-4BCB-834A-8BEF7E9B2C37}.Ad-Hoc|x86.Build.0 = Release|x86
		{51205672-800A-4BCB-834A-8BEF7E9B2C37}.Ad-Hoc|x86.Deploy.0 = Release|x86
		{51205672-800A-4BCB-834A-8BEF7E9B2C37}.AppStore|Any CPU.ActiveCfg = Release|x64
		{51205672-800A-4BCB-834A-8BEF7E9B2C37}.AppStore|Any CPU.Build.0 = Release|x64
		{51205672-800A-4BCB-834A-8BEF7E9B2C37}.AppStore|Any CPU.Deploy.0 = Release|x64
		{51205672-800A-4BCB-834A-8BEF7E9B2C37}.AppStore|ARM.ActiveCfg = Release|ARM
		{51205672-800A-4BCB-834A-8BEF7E9B2C37}.AppStore|ARM.Build.0 = Release|ARM
		{51205672-800A-4BCB-834A-8BEF7E9B2C37}.AppStore|ARM.Deploy.0 = Release|ARM
		{51205672-800A-4BCB-834A-8BEF7E9B2C37}.AppStore|iPhone.ActiveCfg = Release|x64
		{51205672-800A-4BCB-834A-8BEF7E9B2C37}.AppStore|iPhone.Build.0 = Release|x64
		{51205672-800A-4BCB-834A-8BEF7E9B2C37}.AppStore|iPhone.Deploy.0 = Release|x64
		{51205672-800A-4BCB-834A-8BEF7E9B2C37}.AppStore|iPhoneSimulator.ActiveCfg = Release|x64
		{51205672-800A-4BCB-834A-8BEF7E9B2C37}.AppStore|iPhoneSimulator.Build.0 = Release|x64
		{51205672-800A-4BCB-834A-8BEF7E9B2C37}.AppStore|iPhoneSimulator.Deploy.0 = Release|x64
		{51205672-800A-4BCB-834A-8BEF7E9B2C37}.AppStore|x64.ActiveCfg = Release|x64
		{51205672-800A-4BCB-834A-8BEF7E9B2C37}.AppStore|x64.Build.0 = Release|x64
		{51205672-800A-4BCB-834A-8BEF7E9B2C37}.AppStore|x64.Deploy.0 = Release|x64
		{51205672-800A-4BCB-834A-8BEF7E9B2C37}.AppStore|x86.ActiveCfg = Release|x86
		{51205672-800A-4BCB-834A-8BEF7E9B2C37}.AppStore|x86.Build.0 = Release|x86
		{51205672-800A-4BCB-834A-8BEF7E9B2C37}.AppStore|x86.Deploy.0 = Release|x86
		{51205672-800A-4BCB-834A-8BEF7E9B2C37}.Debug|Any CPU.ActiveCfg = Debug|x86
		{51205672-800A-4BCB-834A-8BEF7E9B2C37}.Debug|ARM.ActiveCfg = Debug|ARM
		{51205672-800A-4BCB-834A-8BEF7E9B2C37}.Debug|ARM.Build.0 = Debug|ARM
		{51205672-800A-4BCB-834A-8BEF7E9B2C37}.Debug|ARM.Deploy.0 = Debug|ARM
		{51205672-800A-4BCB-834A-8BEF7E9B2C37}.Debug|iPhone.ActiveCfg = Debug|x86
		{51205672-800A-4BCB-834A-8BEF7E9B2C37}.Debug|iPhoneSimulator.ActiveCfg = Debug|x86
		{51205672-800A-4BCB-834A-8BEF7E9B2C37}.Debug|x64.ActiveCfg = Debug|x64
		{51205672-800A-4BCB-834A-8BEF7E9B2C37}.Debug|x64.Build.0 = Debug|x64
		{51205672-800A-4BCB-834A-8BEF7E9B2C37}.Debug|x64.Deploy.0 = Debug|x64
		{51205672-800A-4BCB-834A-8BEF7E9B2C37}.Debug|x86.ActiveCfg = Debug|x86
		{51205672-800A-4BCB-834A-8BEF7E9B2C37}.Debug|x86.Build.0 = Debug|x86
		{51205672-800A-4BCB-834A-8BEF7E9B2C37}.Debug|x86.Deploy.0 = Debug|x86
		{51205672-800A-4BCB-834A-8BEF7E9B2C37}.Release|Any CPU.ActiveCfg = Release|x86
		{51205672-800A-4BCB-834A-8BEF7E9B2C37}.Release|ARM.ActiveCfg = Release|ARM
		{51205672-800A-4BCB-834A-8BEF7E9B2C37}.Release|ARM.Build.0 = Release|ARM
		{51205672-800A-4BCB-834A-8BEF7E9B2C37}.Release|ARM.Deploy.0 = Release|ARM
		{51205672-800A-4BCB-834A-8BEF7E9B2C37}.Release|iPhone.ActiveCfg = Release|x86
		{51205672-800A-4BCB-834A-8BEF7E9B2C37}.Release|iPhoneSimulator.ActiveCfg = Release|x86
		{51205672-800A-4BCB-834A-8BEF7E9B2C37}.Release|x64.ActiveCfg = Release|x64
		{51205672-800A-4BCB-834A-8BEF7E9B2C37}.Release|x64.Build.0 = Release|x64
		{51205672-800A-4BCB-834A-8BEF7E9B2C37}.Release|x64.Deploy.0 = Release|x64
		{51205672-800A-4BCB-834A-8BEF7E9B2C37}.Release|x86.ActiveCfg = Release|x86
		{51205672-800A-4BCB-834A-8BEF7E9B2C37}.Release|x86.Build.0 = Release|x86
		{51205672-800A-4BCB-834A-8BEF7E9B2C37}.Release|x86.Deploy.0 = Release|x86
		{DCC68472-61C0-4B89-A4C8-28BBE649B1EB}.Ad-Hoc|Any CPU.ActiveCfg = Debug|Any CPU
		{DCC68472-61C0-4B89-A4C8-28BBE649B1EB}.Ad-Hoc|Any CPU.Build.0 = Debug|Any CPU
		{DCC68472-61C0-4B89-A4C8-28BBE649B1EB}.Ad-Hoc|ARM.ActiveCfg = Debug|Any CPU
		{DCC68472-61C0-4B89-A4C8-28BBE649B1EB}.Ad-Hoc|ARM.Build.0 = Debug|Any CPU
		{DCC68472-61C0-4B89-A4C8-28BBE649B1EB}.Ad-Hoc|iPhone.ActiveCfg = Debug|Any CPU
		{DCC68472-61C0-4B89-A4C8-28BBE649B1EB}.Ad-Hoc|iPhone.Build.0 = Debug|Any CPU
		{DCC68472-61C0-4B89-A4C8-28BBE649B1EB}.Ad-Hoc|iPhoneSimulator.ActiveCfg = Debug|Any CPU
		{DCC68472-61C0-4B89-A4C8-28BBE649B1EB}.Ad-Hoc|iPhoneSimulator.Build.0 = Debug|Any CPU
		{DCC68472-61C0-4B89-A4C8-28BBE649B1EB}.Ad-Hoc|x64.ActiveCfg = Debug|Any CPU
		{DCC68472-61C0-4B89-A4C8-28BBE649B1EB}.Ad-Hoc|x64.Build.0 = Debug|Any CPU
		{DCC68472-61C0-4B89-A4C8-28BBE649B1EB}.Ad-Hoc|x86.ActiveCfg = Debug|Any CPU
		{DCC68472-61C0-4B89-A4C8-28BBE649B1EB}.Ad-Hoc|x86.Build.0 = Debug|Any CPU
		{DCC68472-61C0-4B89-A4C8-28BBE649B1EB}.AppStore|Any CPU.ActiveCfg = Debug|Any CPU
		{DCC68472-61C0-4B89-A4C8-28BBE649B1EB}.AppStore|Any CPU.Build.0 = Debug|Any CPU
		{DCC68472-61C0-4B89-A4C8-28BBE649B1EB}.AppStore|ARM.ActiveCfg = Debug|Any CPU
		{DCC68472-61C0-4B89-A4C8-28BBE649B1EB}.AppStore|ARM.Build.0 = Debug|Any CPU
		{DCC68472-61C0-4B89-A4C8-28BBE649B1EB}.AppStore|iPhone.ActiveCfg = Debug|Any CPU
		{DCC68472-61C0-4B89-A4C8-28BBE649B1EB}.AppStore|iPhone.Build.0 = Debug|Any CPU
		{DCC68472-61C0-4B89-A4C8-28BBE649B1EB}.AppStore|iPhoneSimulator.ActiveCfg = Debug|Any CPU
		{DCC68472-61C0-4B89-A4C8-28BBE649B1EB}.AppStore|iPhoneSimulator.Build.0 = Debug|Any CPU
		{DCC68472-61C0-4B89-A4C8-28BBE649B1EB}.AppStore|x64.ActiveCfg = Debug|Any CPU
		{DCC68472-61C0-4B89-A4C8-28BBE649B1EB}.AppStore|x64.Build.0 = Debug|Any CPU
		{DCC68472-61C0-4B89-A4C8-28BBE649B1EB}.AppStore|x86.ActiveCfg = Debug|Any CPU
		{DCC68472-61C0-4B89-A4C8-28BBE649B1EB}.AppStore|x86.Build.0 = Debug|Any CPU
		{DCC68472-61C0-4B89-A4C8-28BBE649B1EB}.Debug|Any CPU.ActiveCfg = Debug|Any CPU
		{DCC68472-61C0-4B89-A4C8-28BBE649B1EB}.Debug|Any CPU.Build.0 = Debug|Any CPU
		{DCC68472-61C0-4B89-A4C8-28BBE649B1EB}.Debug|ARM.ActiveCfg = Debug|Any CPU
		{DCC68472-61C0-4B89-A4C8-28BBE649B1EB}.Debug|ARM.Build.0 = Debug|Any CPU
		{DCC68472-61C0-4B89-A4C8-28BBE649B1EB}.Debug|iPhone.ActiveCfg = Debug|Any CPU
		{DCC68472-61C0-4B89-A4C8-28BBE649B1EB}.Debug|iPhone.Build.0 = Debug|Any CPU
		{DCC68472-61C0-4B89-A4C8-28BBE649B1EB}.Debug|iPhoneSimulator.ActiveCfg = Debug|Any CPU
		{DCC68472-61C0-4B89-A4C8-28BBE649B1EB}.Debug|iPhoneSimulator.Build.0 = Debug|Any CPU
		{DCC68472-61C0-4B89-A4C8-28BBE649B1EB}.Debug|x64.ActiveCfg = Debug|Any CPU
		{DCC68472-61C0-4B89-A4C8-28BBE649B1EB}.Debug|x64.Build.0 = Debug|Any CPU
		{DCC68472-61C0-4B89-A4C8-28BBE649B1EB}.Debug|x86.ActiveCfg = Debug|Any CPU
		{DCC68472-61C0-4B89-A4C8-28BBE649B1EB}.Debug|x86.Build.0 = Debug|Any CPU
		{DCC68472-61C0-4B89-A4C8-28BBE649B1EB}.Release|Any CPU.ActiveCfg = Release|Any CPU
		{DCC68472-61C0-4B89-A4C8-28BBE649B1EB}.Release|Any CPU.Build.0 = Release|Any CPU
		{DCC68472-61C0-4B89-A4C8-28BBE649B1EB}.Release|ARM.ActiveCfg = Release|Any CPU
		{DCC68472-61C0-4B89-A4C8-28BBE649B1EB}.Release|ARM.Build.0 = Release|Any CPU
		{DCC68472-61C0-4B89-A4C8-28BBE649B1EB}.Release|iPhone.ActiveCfg = Release|Any CPU
		{DCC68472-61C0-4B89-A4C8-28BBE649B1EB}.Release|iPhone.Build.0 = Release|Any CPU
		{DCC68472-61C0-4B89-A4C8-28BBE649B1EB}.Release|iPhoneSimulator.ActiveCfg = Release|Any CPU
		{DCC68472-61C0-4B89-A4C8-28BBE649B1EB}.Release|iPhoneSimulator.Build.0 = Release|Any CPU
		{DCC68472-61C0-4B89-A4C8-28BBE649B1EB}.Release|x64.ActiveCfg = Release|Any CPU
		{DCC68472-61C0-4B89-A4C8-28BBE649B1EB}.Release|x64.Build.0 = Release|Any CPU
		{DCC68472-61C0-4B89-A4C8-28BBE649B1EB}.Release|x86.ActiveCfg = Release|Any CPU
		{DCC68472-61C0-4B89-A4C8-28BBE649B1EB}.Release|x86.Build.0 = Release|Any CPU
	EndGlobalSection
	GlobalSection(SolutionProperties) = preSolution
		HideSolutionNode = FALSE
	EndGlobalSection
	GlobalSection(ExtensibilityGlobals) = postSolution
		SolutionGuid = {6D58164B-5F09-4268-852D-7DBD1DC1EBC3}
	EndGlobalSection
EndGlobal
